
Microsoft Visual Studio Solution File, Format Version 12.00
# Visual Studio 2013
VisualStudioVersion = 12.0.40629.0
MinimumVisualStudioVersion = 10.0.40219.1
Project("{FAE04EC0-301F-11D3-BF4B-00C04F79EFBC}") = "MyStore.Server.WebApi", "MyStore.Server.WebApi\MyStore.Server.WebApi.csproj", "{3A2F1474-FB55-41FC-8EC2-C1A247FC8815}"
EndProject
Project("{FAE04EC0-301F-11D3-BF4B-00C04F79EFBC}") = "MyStore.Server.WebApi.Tests", "MyStore.Server.WebApi.Tests\MyStore.Server.WebApi.Tests.csproj", "{A3D998C1-F2D9-411E-9135-86EEA2F7E066}"
EndProject
Project("{2150E333-8FDC-42A3-9474-1A3956D46DE8}") = "PublishScripts", "PublishScripts", "{F64D08E0-BFBA-43E5-9B64-0AFB0AD990B5}"
	ProjectSection(SolutionItems) = preProject
		PublishScripts\AzureWebsitePublishModule.psm1 = PublishScripts\AzureWebsitePublishModule.psm1
		PublishScripts\Publish-WebApplicationWebsite.ps1 = PublishScripts\Publish-WebApplicationWebsite.ps1
	EndProjectSection
EndProject
Project("{2150E333-8FDC-42A3-9474-1A3956D46DE8}") = "Configurations", "Configurations", "{9DBA2206-EE95-4CAE-95FA-8234EF609EA2}"
	ProjectSection(SolutionItems) = preProject
		PublishScripts\Configurations\MyStoreServerWebApi-WAWS-dev.json = PublishScripts\Configurations\MyStoreServerWebApi-WAWS-dev.json
	EndProjectSection
EndProject
Project("{2150E333-8FDC-42A3-9474-1A3956D46DE8}") = "StoreManagement", "StoreManagement", "{2197F897-C157-49EF-BCCB-9F2BDF226681}"
EndProject
Project("{2150E333-8FDC-42A3-9474-1A3956D46DE8}") = "Infrastructures", "Infrastructures", "{1AD157C2-4719-4AF1-93D2-F7F50A7DFCD3}"
EndProject
Project("{2150E333-8FDC-42A3-9474-1A3956D46DE8}") = "CQSR", "CQSR", "{3759F211-F6C2-4318-89D2-122EB934CB62}"
EndProject
Project("{FAE04EC0-301F-11D3-BF4B-00C04F79EFBC}") = "Store", "Product\Store.csproj", "{A7FB896E-A821-4117-BA47-1795AE190B08}"
EndProject
Project("{FAE04EC0-301F-11D3-BF4B-00C04F79EFBC}") = "Store.Contracts", "Product.Contracts\Store.Contracts.csproj", "{1925163D-C864-4076-B77C-936FD697849B}"
	ProjectSection(ProjectDependencies) = postProject
		{4C05D755-5060-4CAD-941B-EE33FEEA9914} = {4C05D755-5060-4CAD-941B-EE33FEEA9914}
	EndProjectSection
EndProject
Project("{FAE04EC0-301F-11D3-BF4B-00C04F79EFBC}") = "CQRS.Infrastructure", "..\..\CQSR\CQRS\CQRS.Infrastructure\CQRS.Infrastructure.csproj", "{4C05D755-5060-4CAD-941B-EE33FEEA9914}"
EndProject
Project("{FAE04EC0-301F-11D3-BF4B-00C04F79EFBC}") = "MyStore.Common", "MyStore.Common\MyStore.Common.csproj", "{727A4B0B-D605-4D67-87CC-BE06EB34B54A}"
EndProject
Project("{FAE04EC0-301F-11D3-BF4B-00C04F79EFBC}") = "MyStore.DatabaseInitializer", "MyStore.DatabaseInitializer\MyStore.DatabaseInitializer.csproj", "{3EA9D35C-246F-4838-B084-4DAAD2493309}"
EndProject
Project("{FAE04EC0-301F-11D3-BF4B-00C04F79EFBC}") = "MyStore.Worker", "MyStore.Worker\MyStore.Worker.csproj", "{048234E1-6999-4D3D-A7BB-58BB2D53CA07}"
EndProject
Project("{FAE04EC0-301F-11D3-BF4B-00C04F79EFBC}") = "CQRS.Infrastructure.Sql", "..\..\CQSR\CQRS\CQRS.Infrastructure.Sql\CQRS.Infrastructure.Sql.csproj", "{55E3A5A1-41C6-470F-82D4-3DBB93578181}"
EndProject
Project("{2150E333-8FDC-42A3-9474-1A3956D46DE8}") = "Sql", "Sql", "{86E358E8-786E-4801-B715-31CA2D3D65E0}"
EndProject
Project("{FAE04EC0-301F-11D3-BF4B-00C04F79EFBC}") = "Store.Dto", "Product.Dto\Store.Dto.csproj", "{A2BBC0FD-9259-429A-8163-2B622D57C157}"
EndProject
Project("{FAE04EC0-301F-11D3-BF4B-00C04F79EFBC}") = "Store.Tests", "StoreTests\Store.Tests.csproj", "{B30F3366-3141-4727-A4EA-8386370329A7}"
EndProject
Project("{2150E333-8FDC-42A3-9474-1A3956D46DE8}") = ".nuget", ".nuget", "{91642EE9-3805-4F22-81AB-FA260E4CD8ED}"
EndProject
Global
	GlobalSection(SolutionConfigurationPlatforms) = preSolution
		Debug|Any CPU = Debug|Any CPU
		Release|Any CPU = Release|Any CPU
	EndGlobalSection
	GlobalSection(ProjectConfigurationPlatforms) = postSolution
		{3A2F1474-FB55-41FC-8EC2-C1A247FC8815}.Debug|Any CPU.ActiveCfg = Debug|Any CPU
		{3A2F1474-FB55-41FC-8EC2-C1A247FC8815}.Debug|Any CPU.Build.0 = Debug|Any CPU
		{3A2F1474-FB55-41FC-8EC2-C1A247FC8815}.Release|Any CPU.ActiveCfg = Release|Any CPU
		{3A2F1474-FB55-41FC-8EC2-C1A247FC8815}.Release|Any CPU.Build.0 = Release|Any CPU
		{A3D998C1-F2D9-411E-9135-86EEA2F7E066}.Debug|Any CPU.ActiveCfg = Debug|Any CPU
		{A3D998C1-F2D9-411E-9135-86EEA2F7E066}.Debug|Any CPU.Build.0 = Debug|Any CPU
		{A3D998C1-F2D9-411E-9135-86EEA2F7E066}.Release|Any CPU.ActiveCfg = Release|Any CPU
		{A3D998C1-F2D9-411E-9135-86EEA2F7E066}.Release|Any CPU.Build.0 = Release|Any CPU
		{A7FB896E-A821-4117-BA47-1795AE190B08}.Debug|Any CPU.ActiveCfg = Debug|Any CPU
		{A7FB896E-A821-4117-BA47-1795AE190B08}.Debug|Any CPU.Build.0 = Debug|Any CPU
		{A7FB896E-A821-4117-BA47-1795AE190B08}.Release|Any CPU.ActiveCfg = Release|Any CPU
		{A7FB896E-A821-4117-BA47-1795AE190B08}.Release|Any CPU.Build.0 = Release|Any CPU
		{1925163D-C864-4076-B77C-936FD697849B}.Debug|Any CPU.ActiveCfg = Debug|Any CPU
		{1925163D-C864-4076-B77C-936FD697849B}.Debug|Any CPU.Build.0 = Debug|Any CPU
		{1925163D-C864-4076-B77C-936FD697849B}.Release|Any CPU.ActiveCfg = Release|Any CPU
		{1925163D-C864-4076-B77C-936FD697849B}.Release|Any CPU.Build.0 = Release|Any CPU
		{4C05D755-5060-4CAD-941B-EE33FEEA9914}.Debug|Any CPU.ActiveCfg = Debug|Any CPU
		{4C05D755-5060-4CAD-941B-EE33FEEA9914}.Debug|Any CPU.Build.0 = Debug|Any CPU
		{4C05D755-5060-4CAD-941B-EE33FEEA9914}.Release|Any CPU.ActiveCfg = Release|Any CPU
		{4C05D755-5060-4CAD-941B-EE33FEEA9914}.Release|Any CPU.Build.0 = Release|Any CPU
		{727A4B0B-D605-4D67-87CC-BE06EB34B54A}.Debug|Any CPU.ActiveCfg = Debug|Any CPU
		{727A4B0B-D605-4D67-87CC-BE06EB34B54A}.Debug|Any CPU.Build.0 = Debug|Any CPU
		{727A4B0B-D605-4D67-87CC-BE06EB34B54A}.Release|Any CPU.ActiveCfg = Release|Any CPU
		{727A4B0B-D605-4D67-87CC-BE06EB34B54A}.Release|Any CPU.Build.0 = Release|Any CPU
		{3EA9D35C-246F-4838-B084-4DAAD2493309}.Debug|Any CPU.ActiveCfg = Debug|Any CPU
		{3EA9D35C-246F-4838-B084-4DAAD2493309}.Debug|Any CPU.Build.0 = Debug|Any CPU
		{3EA9D35C-246F-4838-B084-4DAAD2493309}.Release|Any CPU.ActiveCfg = Release|Any CPU
		{3EA9D35C-246F-4838-B084-4DAAD2493309}.Release|Any CPU.Build.0 = Release|Any CPU
		{048234E1-6999-4D3D-A7BB-58BB2D53CA07}.Debug|Any CPU.ActiveCfg = Debug|Any CPU
		{048234E1-6999-4D3D-A7BB-58BB2D53CA07}.Debug|Any CPU.Build.0 = Debug|Any CPU
		{048234E1-6999-4D3D-A7BB-58BB2D53CA07}.Release|Any CPU.ActiveCfg = Release|Any CPU
		{048234E1-6999-4D3D-A7BB-58BB2D53CA07}.Release|Any CPU.Build.0 = Release|Any CPU
		{55E3A5A1-41C6-470F-82D4-3DBB93578181}.Debug|Any CPU.ActiveCfg = Debug|Any CPU
		{55E3A5A1-41C6-470F-82D4-3DBB93578181}.Debug|Any CPU.Build.0 = Debug|Any CPU
		{55E3A5A1-41C6-470F-82D4-3DBB93578181}.Release|Any CPU.ActiveCfg = Release|Any CPU
		{55E3A5A1-41C6-470F-82D4-3DBB93578181}.Release|Any CPU.Build.0 = Release|Any CPU
		{A2BBC0FD-9259-429A-8163-2B622D57C157}.Debug|Any CPU.ActiveCfg = Debug|Any CPU
		{A2BBC0FD-9259-429A-8163-2B622D57C157}.Debug|Any CPU.Build.0 = Debug|Any CPU
		{A2BBC0FD-9259-429A-8163-2B622D57C157}.Release|Any CPU.ActiveCfg = Release|Any CPU
		{A2BBC0FD-9259-429A-8163-2B622D57C157}.Release|Any CPU.Build.0 = Release|Any CPU
		{B30F3366-3141-4727-A4EA-8386370329A7}.Debug|Any CPU.ActiveCfg = Debug|Any CPU
		{B30F3366-3141-4727-A4EA-8386370329A7}.Debug|Any CPU.Build.0 = Debug|Any CPU
		{B30F3366-3141-4727-A4EA-8386370329A7}.Release|Any CPU.ActiveCfg = Release|Any CPU
		{B30F3366-3141-4727-A4EA-8386370329A7}.Release|Any CPU.Build.0 = Release|Any CPU
	EndGlobalSection
	GlobalSection(SolutionProperties) = preSolution
		HideSolutionNode = FALSE
	EndGlobalSection
	GlobalSection(NestedProjects) = preSolution
		{9DBA2206-EE95-4CAE-95FA-8234EF609EA2} = {F64D08E0-BFBA-43E5-9B64-0AFB0AD990B5}
		{3759F211-F6C2-4318-89D2-122EB934CB62} = {1AD157C2-4719-4AF1-93D2-F7F50A7DFCD3}
		{A7FB896E-A821-4117-BA47-1795AE190B08} = {2197F897-C157-49EF-BCCB-9F2BDF226681}
		{1925163D-C864-4076-B77C-936FD697849B} = {2197F897-C157-49EF-BCCB-9F2BDF226681}
		{4C05D755-5060-4CAD-941B-EE33FEEA9914} = {3759F211-F6C2-4318-89D2-122EB934CB62}
		{55E3A5A1-41C6-470F-82D4-3DBB93578181} = {86E358E8-786E-4801-B715-31CA2D3D65E0}
		{86E358E8-786E-4801-B715-31CA2D3D65E0} = {3759F211-F6C2-4318-89D2-122EB934CB62}
		{A2BBC0FD-9259-429A-8163-2B622D57C157} = {2197F897-C157-49EF-BCCB-9F2BDF226681}
		{B30F3366-3141-4727-A4EA-8386370329A7} = {2197F897-C157-49EF-BCCB-9F2BDF226681}
	EndGlobalSection
EndGlobal
