
Microsoft Visual Studio Solution File, Format Version 12.00
# Visual Studio 2013
VisualStudioVersion = 12.0.40629.0
MinimumVisualStudioVersion = 10.0.40219.1
Project("{FAE04EC0-301F-11D3-BF4B-00C04F79EFBC}") = "Store.Dto", "Store.Dto\Store.Dto.csproj", "{A2BBC0FD-9259-429A-8163-2B622D57C157}"
EndProject
Project("{FAE04EC0-301F-11D3-BF4B-00C04F79EFBC}") = "Subscription.Dto", "Subscription.Dto\Subscription.Dto.csproj", "{54509E43-3FFF-4848-B1ED-BD98453B1529}"
EndProject
Project("{FAE04EC0-301F-11D3-BF4B-00C04F79EFBC}") = "ParcelTracking.Dto", "ParcelTracking.Dto\ParcelTracking.Dto.csproj", "{21C7826D-E142-40EF-A397-9B14905D64A4}"
EndProject
Global
	GlobalSection(SolutionConfigurationPlatforms) = preSolution
		Debug|Any CPU = Debug|Any CPU
		Release|Any CPU = Release|Any CPU
	EndGlobalSection
	GlobalSection(ProjectConfigurationPlatforms) = postSolution
		{A2BBC0FD-9259-429A-8163-2B622D57C157}.Debug|Any CPU.ActiveCfg = Debug|Any CPU
		{A2BBC0FD-9259-429A-8163-2B622D57C157}.Debug|Any CPU.Build.0 = Debug|Any CPU
		{A2BBC0FD-9259-429A-8163-2B622D57C157}.Release|Any CPU.ActiveCfg = Release|Any CPU
		{A2BBC0FD-9259-429A-8163-2B622D57C157}.Release|Any CPU.Build.0 = Release|Any CPU
		{54509E43-3FFF-4848-B1ED-BD98453B1529}.Debug|Any CPU.ActiveCfg = Debug|Any CPU
		{54509E43-3FFF-4848-B1ED-BD98453B1529}.Debug|Any CPU.Build.0 = Debug|Any CPU
		{54509E43-3FFF-4848-B1ED-BD98453B1529}.Release|Any CPU.ActiveCfg = Release|Any CPU
		{54509E43-3FFF-4848-B1ED-BD98453B1529}.Release|Any CPU.Build.0 = Release|Any CPU
		{21C7826D-E142-40EF-A397-9B14905D64A4}.Debug|Any CPU.ActiveCfg = Debug|Any CPU
		{21C7826D-E142-40EF-A397-9B14905D64A4}.Debug|Any CPU.Build.0 = Debug|Any CPU
		{21C7826D-E142-40EF-A397-9B14905D64A4}.Release|Any CPU.ActiveCfg = Release|Any CPU
		{21C7826D-E142-40EF-A397-9B14905D64A4}.Release|Any CPU.Build.0 = Release|Any CPU
	EndGlobalSection
	GlobalSection(SolutionProperties) = preSolution
		HideSolutionNode = FALSE
	EndGlobalSection
EndGlobal
