
Microsoft Visual Studio Solution File, Format Version 12.00
# Visual Studio 2013
VisualStudioVersion = 12.0.40629.0
MinimumVisualStudioVersion = 10.0.40219.1
Project("{FAE04EC0-301F-11D3-BF4B-00C04F79EFBC}") = "MyStore.Client.Console", "MyStore.Client.Console\MyStore.Client.Console.csproj", "{689945B4-917A-4885-B51C-855A92E54E5B}"
EndProject
Project("{FAE04EC0-301F-11D3-BF4B-00C04F79EFBC}") = "MyStore.Client.Common", "MyStore.Client.Common\MyStore.Client.Common.csproj", "{660807BB-9D9B-466E-89B2-61B46ABEC755}"
EndProject
Project("{FAE04EC0-301F-11D3-BF4B-00C04F79EFBC}") = "Subscription.Dto", "..\MyStore.Common\Subscription.Dto\Subscription.Dto.csproj", "{54509E43-3FFF-4848-B1ED-BD98453B1529}"
EndProject
Project("{FAE04EC0-301F-11D3-BF4B-00C04F79EFBC}") = "ParcelTracking.Dto", "..\MyStore.Common\ParcelTracking.Dto\ParcelTracking.Dto.csproj", "{21C7826D-E142-40EF-A397-9B14905D64A4}"
EndProject
Global
	GlobalSection(SolutionConfigurationPlatforms) = preSolution
		Debug|Any CPU = Debug|Any CPU
		Release|Any CPU = Release|Any CPU
	EndGlobalSection
	GlobalSection(ProjectConfigurationPlatforms) = postSolution
		{689945B4-917A-4885-B51C-855A92E54E5B}.Debug|Any CPU.ActiveCfg = Debug|Any CPU
		{689945B4-917A-4885-B51C-855A92E54E5B}.Debug|Any CPU.Build.0 = Debug|Any CPU
		{689945B4-917A-4885-B51C-855A92E54E5B}.Release|Any CPU.ActiveCfg = Release|Any CPU
		{689945B4-917A-4885-B51C-855A92E54E5B}.Release|Any CPU.Build.0 = Release|Any CPU
		{660807BB-9D9B-466E-89B2-61B46ABEC755}.Debug|Any CPU.ActiveCfg = Debug|Any CPU
		{660807BB-9D9B-466E-89B2-61B46ABEC755}.Debug|Any CPU.Build.0 = Debug|Any CPU
		{660807BB-9D9B-466E-89B2-61B46ABEC755}.Release|Any CPU.ActiveCfg = Release|Any CPU
		{660807BB-9D9B-466E-89B2-61B46ABEC755}.Release|Any CPU.Build.0 = Release|Any CPU
		{54509E43-3FFF-4848-B1ED-BD98453B1529}.Debug|Any CPU.ActiveCfg = Debug|Any CPU
		{54509E43-3FFF-4848-B1ED-BD98453B1529}.Debug|Any CPU.Build.0 = Debug|Any CPU
		{54509E43-3FFF-4848-B1ED-BD98453B1529}.Release|Any CPU.ActiveCfg = Release|Any CPU
		{54509E43-3FFF-4848-B1ED-BD98453B1529}.Release|Any CPU.Build.0 = Release|Any CPU
		{21C7826D-E142-40EF-A397-9B14905D64A4}.Debug|Any CPU.ActiveCfg = Debug|Any CPU
		{21C7826D-E142-40EF-A397-9B14905D64A4}.Debug|Any CPU.Build.0 = Debug|Any CPU
		{21C7826D-E142-40EF-A397-9B14905D64A4}.Release|Any CPU.ActiveCfg = Release|Any CPU
		{21C7826D-E142-40EF-A397-9B14905D64A4}.Release|Any CPU.Build.0 = Release|Any CPU
	EndGlobalSection
	GlobalSection(SolutionProperties) = preSolution
		HideSolutionNode = FALSE
	EndGlobalSection
EndGlobal
